
Microsoft Visual Studio Solution File, Format Version 12.00
# Visual Studio Version 17
VisualStudioVersion = 17.4.33205.214
MinimumVisualStudioVersion = 10.0.40219.1
Project("{FAE04EC0-301F-11D3-BF4B-00C04F79EFBC}") = "OpenSave_Example", "OpenSave_Example\OpenSave_Example.csproj", "{B61E27FA-BAD3-4492-A8D8-21172579B27B}"
EndProject
Global
	GlobalSection(SolutionConfigurationPlatforms) = preSolution
		Debug|Any CPU = Debug|Any CPU
		Release|Any CPU = Release|Any CPU
	EndGlobalSection
	GlobalSection(ProjectConfigurationPlatforms) = postSolution
		{B61E27FA-BAD3-4492-A8D8-21172579B27B}.Debug|Any CPU.ActiveCfg = Debug|Any CPU
		{B61E27FA-BAD3-4492-A8D8-21172579B27B}.Debug|Any CPU.Build.0 = Debug|Any CPU
		{B61E27FA-BAD3-4492-A8D8-21172579B27B}.Release|Any CPU.ActiveCfg = Release|Any CPU
		{B61E27FA-BAD3-4492-A8D8-21172579B27B}.Release|Any CPU.Build.0 = Release|Any CPU
	EndGlobalSection
	GlobalSection(SolutionProperties) = preSolution
		HideSolutionNode = FALSE
	EndGlobalSection
	GlobalSection(ExtensibilityGlobals) = postSolution
		SolutionGuid = {9916F983-56B2-4655-B41B-15E1DFDB0EFC}
	EndGlobalSection
EndGlobal
